{
  "name": "@waibiwaibig/all-api",
  "version": "0.1.1",
  "lockfileVersion": 3,
  "requires": true,
  "packages": {
    "": {
      "name": "@waibiwaibig/all-api",
      "version": "0.1.1",
      "license": "MIT",
      "bin": {
        "all-api": "src/cli.mjs"
      },
      "engines": {
        "node": ">=20"
      }
    }
  }
}
